// !$*UTF8*$!
{
	archiveVersion = 1;
	classes = {
	};
	objectVersion = 56;
	objects = {

/* Begin PBXBuildFile section */
		2D4CDDA52BEA60D8005CA01B /* AppDelegate.swift in Sources */ = {isa = PBXBuildFile; fileRef = 2D4CDDA42BEA60D8005CA01B /* AppDelegate.swift */; };
		2D4CDDA72BEA60D8005CA01B /* SceneDelegate.swift in Sources */ = {isa = PBXBuildFile; fileRef = 2D4CDDA62BEA60D8005CA01B /* SceneDelegate.swift */; };
		2D4CDDAE2BEA60DA005CA01B /* Assets.xcassets in Resources */ = {isa = PBXBuildFile; fileRef = 2D4CDDAD2BEA60DA005CA01B /* Assets.xcassets */; };
		2D4CDDB12BEA60DA005CA01B /* Base in Resources */ = {isa = PBXBuildFile; fileRef = 2D4CDDB02BEA60DA005CA01B /* Base */; };
		2D4CDDBC2BEA60DA005CA01B /* GHProgrammaticTests.swift in Sources */ = {isa = PBXBuildFile; fileRef = 2D4CDDBB2BEA60DA005CA01B /* GHProgrammaticTests.swift */; };
		2D4CDDC62BEA60DA005CA01B /* GHProgrammaticUITests.swift in Sources */ = {isa = PBXBuildFile; fileRef = 2D4CDDC52BEA60DA005CA01B /* GHProgrammaticUITests.swift */; };
		2D4CDDC82BEA60DA005CA01B /* GHProgrammaticUITestsLaunchTests.swift in Sources */ = {isa = PBXBuildFile; fileRef = 2D4CDDC72BEA60DA005CA01B /* GHProgrammaticUITestsLaunchTests.swift */; };
		2D4CDDD82BEA61BB005CA01B /* CustomButton.swift in Sources */ = {isa = PBXBuildFile; fileRef = 2D4CDDD72BEA61BB005CA01B /* CustomButton.swift */; };
		2D4CDDDC2BEA61FF005CA01B /* SearchVC.swift in Sources */ = {isa = PBXBuildFile; fileRef = 2D4CDDDB2BEA61FF005CA01B /* SearchVC.swift */; };
		2D4CDDDE2BEA6218005CA01B /* FavoritesVC.swift in Sources */ = {isa = PBXBuildFile; fileRef = 2D4CDDDD2BEA6218005CA01B /* FavoritesVC.swift */; };
		2D87A61A2BF922FF0047D534 /* Follower.swift in Sources */ = {isa = PBXBuildFile; fileRef = 2D87A6192BF922FF0047D534 /* Follower.swift */; };
		2D87A61C2BF9239B0047D534 /* User.swift in Sources */ = {isa = PBXBuildFile; fileRef = 2D87A61B2BF9239B0047D534 /* User.swift */; };
		2D87A61F2BF928AE0047D534 /* NetworkManager.swift in Sources */ = {isa = PBXBuildFile; fileRef = 2D87A61E2BF928AE0047D534 /* NetworkManager.swift */; };
		2D87A6212BF9FC690047D534 /* ErrorMessage.swift in Sources */ = {isa = PBXBuildFile; fileRef = 2D87A6202BF9FC690047D534 /* ErrorMessage.swift */; };
		2D87A6272BFA21300047D534 /* FollowerCell.swift in Sources */ = {isa = PBXBuildFile; fileRef = 2D87A6262BFA21300047D534 /* FollowerCell.swift */; };
		2D87A6292BFA21E00047D534 /* CustomAvatarImageView.swift in Sources */ = {isa = PBXBuildFile; fileRef = 2D87A6282BFA21E00047D534 /* CustomAvatarImageView.swift */; };
		2D87A62B2BFA3DA10047D534 /* UIHelper.swift in Sources */ = {isa = PBXBuildFile; fileRef = 2D87A62A2BFA3DA10047D534 /* UIHelper.swift */; };
		2DAA888D2BF7AA0E000AF247 /* CustomTextField.swift in Sources */ = {isa = PBXBuildFile; fileRef = 2DAA888C2BF7AA0E000AF247 /* CustomTextField.swift */; };
		2DAA888F2BF7E768000AF247 /* FollowerListVC.swift in Sources */ = {isa = PBXBuildFile; fileRef = 2DAA888E2BF7E768000AF247 /* FollowerListVC.swift */; };
		2DAA88922BF7ED74000AF247 /* String+Ext.swift in Sources */ = {isa = PBXBuildFile; fileRef = 2DAA88912BF7ED74000AF247 /* String+Ext.swift */; };
		2DAA88942BF8BA98000AF247 /* CustomLabel.swift in Sources */ = {isa = PBXBuildFile; fileRef = 2DAA88932BF8BA98000AF247 /* CustomLabel.swift */; };
		2DAA88962BF8BC79000AF247 /* CustomBodyLabel.swift in Sources */ = {isa = PBXBuildFile; fileRef = 2DAA88952BF8BC79000AF247 /* CustomBodyLabel.swift */; };
		2DAA889A2BF8BDDD000AF247 /* CustomPopupVC.swift in Sources */ = {isa = PBXBuildFile; fileRef = 2DAA88992BF8BDDD000AF247 /* CustomPopupVC.swift */; };
		2DAA889C2BF909CA000AF247 /* UIViewController+Ext.swift in Sources */ = {isa = PBXBuildFile; fileRef = 2DAA889B2BF909CA000AF247 /* UIViewController+Ext.swift */; };
		2DCBB6672BFBAE7F00D13BEB /* FollowerListViewModel.swift in Sources */ = {isa = PBXBuildFile; fileRef = 2DCBB6662BFBAE7F00D13BEB /* FollowerListViewModel.swift */; };
/* End PBXBuildFile section */

/* Begin PBXContainerItemProxy section */
		2D4CDDB82BEA60DA005CA01B /* PBXContainerItemProxy */ = {
			isa = PBXContainerItemProxy;
			containerPortal = 2D4CDD992BEA60D8005CA01B /* Project object */;
			proxyType = 1;
			remoteGlobalIDString = 2D4CDDA02BEA60D8005CA01B;
			remoteInfo = GHProgrammatic;
		};
		2D4CDDC22BEA60DA005CA01B /* PBXContainerItemProxy */ = {
			isa = PBXContainerItemProxy;
			containerPortal = 2D4CDD992BEA60D8005CA01B /* Project object */;
			proxyType = 1;
			remoteGlobalIDString = 2D4CDDA02BEA60D8005CA01B;
			remoteInfo = GHProgrammatic;
		};
/* End PBXContainerItemProxy section */

/* Begin PBXFileReference section */
		2D4CDDA12BEA60D8005CA01B /* GHProgrammatic.app */ = {isa = PBXFileReference; explicitFileType = wrapper.application; includeInIndex = 0; path = GHProgrammatic.app; sourceTree = BUILT_PRODUCTS_DIR; };
		2D4CDDA42BEA60D8005CA01B /* AppDelegate.swift */ = {isa = PBXFileReference; lastKnownFileType = sourcecode.swift; path = AppDelegate.swift; sourceTree = "<group>"; };
		2D4CDDA62BEA60D8005CA01B /* SceneDelegate.swift */ = {isa = PBXFileReference; lastKnownFileType = sourcecode.swift; path = SceneDelegate.swift; sourceTree = "<group>"; };
		2D4CDDAD2BEA60DA005CA01B /* Assets.xcassets */ = {isa = PBXFileReference; lastKnownFileType = folder.assetcatalog; path = Assets.xcassets; sourceTree = "<group>"; };
		2D4CDDB02BEA60DA005CA01B /* Base */ = {isa = PBXFileReference; lastKnownFileType = file.storyboard; name = Base; path = Base.lproj/LaunchScreen.storyboard; sourceTree = "<group>"; };
		2D4CDDB22BEA60DA005CA01B /* Info.plist */ = {isa = PBXFileReference; lastKnownFileType = text.plist.xml; path = Info.plist; sourceTree = "<group>"; };
		2D4CDDB72BEA60DA005CA01B /* GHProgrammaticTests.xctest */ = {isa = PBXFileReference; explicitFileType = wrapper.cfbundle; includeInIndex = 0; path = GHProgrammaticTests.xctest; sourceTree = BUILT_PRODUCTS_DIR; };
		2D4CDDBB2BEA60DA005CA01B /* GHProgrammaticTests.swift */ = {isa = PBXFileReference; lastKnownFileType = sourcecode.swift; path = GHProgrammaticTests.swift; sourceTree = "<group>"; };
		2D4CDDC12BEA60DA005CA01B /* GHProgrammaticUITests.xctest */ = {isa = PBXFileReference; explicitFileType = wrapper.cfbundle; includeInIndex = 0; path = GHProgrammaticUITests.xctest; sourceTree = BUILT_PRODUCTS_DIR; };
		2D4CDDC52BEA60DA005CA01B /* GHProgrammaticUITests.swift */ = {isa = PBXFileReference; lastKnownFileType = sourcecode.swift; path = GHProgrammaticUITests.swift; sourceTree = "<group>"; };
		2D4CDDC72BEA60DA005CA01B /* GHProgrammaticUITestsLaunchTests.swift */ = {isa = PBXFileReference; lastKnownFileType = sourcecode.swift; path = GHProgrammaticUITestsLaunchTests.swift; sourceTree = "<group>"; };
		2D4CDDD72BEA61BB005CA01B /* CustomButton.swift */ = {isa = PBXFileReference; lastKnownFileType = sourcecode.swift; path = CustomButton.swift; sourceTree = "<group>"; };
		2D4CDDDB2BEA61FF005CA01B /* SearchVC.swift */ = {isa = PBXFileReference; lastKnownFileType = sourcecode.swift; path = SearchVC.swift; sourceTree = "<group>"; };
		2D4CDDDD2BEA6218005CA01B /* FavoritesVC.swift */ = {isa = PBXFileReference; lastKnownFileType = sourcecode.swift; path = FavoritesVC.swift; sourceTree = "<group>"; };
		2D87A6192BF922FF0047D534 /* Follower.swift */ = {isa = PBXFileReference; lastKnownFileType = sourcecode.swift; path = Follower.swift; sourceTree = "<group>"; };
		2D87A61B2BF9239B0047D534 /* User.swift */ = {isa = PBXFileReference; lastKnownFileType = sourcecode.swift; path = User.swift; sourceTree = "<group>"; };
		2D87A61E2BF928AE0047D534 /* NetworkManager.swift */ = {isa = PBXFileReference; lastKnownFileType = sourcecode.swift; path = NetworkManager.swift; sourceTree = "<group>"; };
		2D87A6202BF9FC690047D534 /* ErrorMessage.swift */ = {isa = PBXFileReference; lastKnownFileType = sourcecode.swift; path = ErrorMessage.swift; sourceTree = "<group>"; };
		2D87A6262BFA21300047D534 /* FollowerCell.swift */ = {isa = PBXFileReference; lastKnownFileType = sourcecode.swift; path = FollowerCell.swift; sourceTree = "<group>"; };
		2D87A6282BFA21E00047D534 /* CustomAvatarImageView.swift */ = {isa = PBXFileReference; lastKnownFileType = sourcecode.swift; path = CustomAvatarImageView.swift; sourceTree = "<group>"; };
		2D87A62A2BFA3DA10047D534 /* UIHelper.swift */ = {isa = PBXFileReference; lastKnownFileType = sourcecode.swift; path = UIHelper.swift; sourceTree = "<group>"; };
		2DAA888C2BF7AA0E000AF247 /* CustomTextField.swift */ = {isa = PBXFileReference; lastKnownFileType = sourcecode.swift; path = CustomTextField.swift; sourceTree = "<group>"; };
		2DAA888E2BF7E768000AF247 /* FollowerListVC.swift */ = {isa = PBXFileReference; lastKnownFileType = sourcecode.swift; path = FollowerListVC.swift; sourceTree = "<group>"; };
		2DAA88912BF7ED74000AF247 /* String+Ext.swift */ = {isa = PBXFileReference; lastKnownFileType = sourcecode.swift; path = "String+Ext.swift"; sourceTree = "<group>"; };
		2DAA88932BF8BA98000AF247 /* CustomLabel.swift */ = {isa = PBXFileReference; lastKnownFileType = sourcecode.swift; path = CustomLabel.swift; sourceTree = "<group>"; };
		2DAA88952BF8BC79000AF247 /* CustomBodyLabel.swift */ = {isa = PBXFileReference; lastKnownFileType = sourcecode.swift; path = CustomBodyLabel.swift; sourceTree = "<group>"; };
		2DAA88992BF8BDDD000AF247 /* CustomPopupVC.swift */ = {isa = PBXFileReference; lastKnownFileType = sourcecode.swift; path = CustomPopupVC.swift; sourceTree = "<group>"; };
		2DAA889B2BF909CA000AF247 /* UIViewController+Ext.swift */ = {isa = PBXFileReference; lastKnownFileType = sourcecode.swift; path = "UIViewController+Ext.swift"; sourceTree = "<group>"; };
		2DCBB6662BFBAE7F00D13BEB /* FollowerListViewModel.swift */ = {isa = PBXFileReference; lastKnownFileType = sourcecode.swift; path = FollowerListViewModel.swift; sourceTree = "<group>"; };
/* End PBXFileReference section */

/* Begin PBXFrameworksBuildPhase section */
		2D4CDD9E2BEA60D8005CA01B /* Frameworks */ = {
			isa = PBXFrameworksBuildPhase;
			buildActionMask = 2147483647;
			files = (
			);
			runOnlyForDeploymentPostprocessing = 0;
		};
		2D4CDDB42BEA60DA005CA01B /* Frameworks */ = {
			isa = PBXFrameworksBuildPhase;
			buildActionMask = 2147483647;
			files = (
			);
			runOnlyForDeploymentPostprocessing = 0;
		};
		2D4CDDBE2BEA60DA005CA01B /* Frameworks */ = {
			isa = PBXFrameworksBuildPhase;
			buildActionMask = 2147483647;
			files = (
			);
			runOnlyForDeploymentPostprocessing = 0;
		};
/* End PBXFrameworksBuildPhase section */

/* Begin PBXGroup section */
		2D4CDD982BEA60D8005CA01B = {
			isa = PBXGroup;
			children = (
				2D4CDDA32BEA60D8005CA01B /* GHProgrammatic */,
				2D4CDDBA2BEA60DA005CA01B /* GHProgrammaticTests */,
				2D4CDDC42BEA60DA005CA01B /* GHProgrammaticUITests */,
				2D4CDDA22BEA60D8005CA01B /* Products */,
			);
			sourceTree = "<group>";
		};
		2D4CDDA22BEA60D8005CA01B /* Products */ = {
			isa = PBXGroup;
			children = (
				2D4CDDA12BEA60D8005CA01B /* GHProgrammatic.app */,
				2D4CDDB72BEA60DA005CA01B /* GHProgrammaticTests.xctest */,
				2D4CDDC12BEA60DA005CA01B /* GHProgrammaticUITests.xctest */,
			);
			name = Products;
			sourceTree = "<group>";
		};
		2D4CDDA32BEA60D8005CA01B /* GHProgrammatic */ = {
			isa = PBXGroup;
			children = (
				2D4CDDB22BEA60DA005CA01B /* Info.plist */,
				2D87A6142BF91E120047D534 /* App */,
				2D4CDDD42BEA612C005CA01B /* Core */,
				2D4CDDD52BEA6134005CA01B /* Modules */,
			);
			path = GHProgrammatic;
			sourceTree = "<group>";
		};
		2D4CDDBA2BEA60DA005CA01B /* GHProgrammaticTests */ = {
			isa = PBXGroup;
			children = (
				2D4CDDBB2BEA60DA005CA01B /* GHProgrammaticTests.swift */,
			);
			path = GHProgrammaticTests;
			sourceTree = "<group>";
		};
		2D4CDDC42BEA60DA005CA01B /* GHProgrammaticUITests */ = {
			isa = PBXGroup;
			children = (
				2D4CDDC52BEA60DA005CA01B /* GHProgrammaticUITests.swift */,
				2D4CDDC72BEA60DA005CA01B /* GHProgrammaticUITestsLaunchTests.swift */,
			);
			path = GHProgrammaticUITests;
			sourceTree = "<group>";
		};
		2D4CDDD42BEA612C005CA01B /* Core */ = {
			isa = PBXGroup;
			children = (
				2D87A61D2BF928920047D534 /* Network */,
				2DAA889D2BF91BCE000AF247 /* Utility */,
				2DAA88902BF7ED5B000AF247 /* Extensions */,
				2D4CDDD62BEA6190005CA01B /* Components */,
			);
			path = Core;
			sourceTree = "<group>";
		};
		2D4CDDD52BEA6134005CA01B /* Modules */ = {
			isa = PBXGroup;
			children = (
				2D4CDDDA2BEA61D3005CA01B /* Search */,
				2D4CDDD92BEA61C9005CA01B /* Favorites */,
			);
			path = Modules;
			sourceTree = "<group>";
		};
		2D4CDDD62BEA6190005CA01B /* Components */ = {
			isa = PBXGroup;
			children = (
				2D4CDDD72BEA61BB005CA01B /* CustomButton.swift */,
				2DAA888C2BF7AA0E000AF247 /* CustomTextField.swift */,
				2DAA88932BF8BA98000AF247 /* CustomLabel.swift */,
				2DAA88952BF8BC79000AF247 /* CustomBodyLabel.swift */,
				2DAA88992BF8BDDD000AF247 /* CustomPopupVC.swift */,
				2D87A6282BFA21E00047D534 /* CustomAvatarImageView.swift */,
			);
			path = Components;
			sourceTree = "<group>";
		};
		2D4CDDD92BEA61C9005CA01B /* Favorites */ = {
			isa = PBXGroup;
			children = (
				2D87A6162BF922DB0047D534 /* View */,
			);
			path = Favorites;
			sourceTree = "<group>";
		};
		2D4CDDDA2BEA61D3005CA01B /* Search */ = {
			isa = PBXGroup;
			children = (
				2DCBB6652BFBAE5800D13BEB /* ViewModel */,
				2D87A6182BF922F10047D534 /* Model */,
				2D87A6152BF922B70047D534 /* View */,
			);
			path = Search;
			sourceTree = "<group>";
		};
		2D87A6142BF91E120047D534 /* App */ = {
			isa = PBXGroup;
			children = (
				2D4CDDAD2BEA60DA005CA01B /* Assets.xcassets */,
				2D4CDDA42BEA60D8005CA01B /* AppDelegate.swift */,
				2D4CDDA62BEA60D8005CA01B /* SceneDelegate.swift */,
				2D4CDDAF2BEA60DA005CA01B /* LaunchScreen.storyboard */,
			);
			path = App;
			sourceTree = "<group>";
		};
		2D87A6152BF922B70047D534 /* View */ = {
			isa = PBXGroup;
			children = (
				2D4CDDDB2BEA61FF005CA01B /* SearchVC.swift */,
				2DAA888E2BF7E768000AF247 /* FollowerListVC.swift */,
				2D87A6262BFA21300047D534 /* FollowerCell.swift */,
			);
			path = View;
			sourceTree = "<group>";
		};
		2D87A6162BF922DB0047D534 /* View */ = {
			isa = PBXGroup;
			children = (
				2D4CDDDD2BEA6218005CA01B /* FavoritesVC.swift */,
			);
			path = View;
			sourceTree = "<group>";
		};
		2D87A6182BF922F10047D534 /* Model */ = {
			isa = PBXGroup;
			children = (
				2D87A6192BF922FF0047D534 /* Follower.swift */,
				2D87A61B2BF9239B0047D534 /* User.swift */,
			);
			path = Model;
			sourceTree = "<group>";
		};
		2D87A61D2BF928920047D534 /* Network */ = {
			isa = PBXGroup;
			children = (
				2D87A61E2BF928AE0047D534 /* NetworkManager.swift */,
			);
			path = Network;
			sourceTree = "<group>";
		};
		2DAA88902BF7ED5B000AF247 /* Extensions */ = {
			isa = PBXGroup;
			children = (
				2DAA88912BF7ED74000AF247 /* String+Ext.swift */,
				2DAA889B2BF909CA000AF247 /* UIViewController+Ext.swift */,
			);
			path = Extensions;
			sourceTree = "<group>";
		};
		2DAA889D2BF91BCE000AF247 /* Utility */ = {
			isa = PBXGroup;
			children = (
				2D87A6202BF9FC690047D534 /* ErrorMessage.swift */,
				2D87A62A2BFA3DA10047D534 /* UIHelper.swift */,
			);
			path = Utility;
			sourceTree = "<group>";
		};
		2DCBB6652BFBAE5800D13BEB /* ViewModel */ = {
			isa = PBXGroup;
			children = (
				2DCBB6662BFBAE7F00D13BEB /* FollowerListViewModel.swift */,
			);
			path = ViewModel;
			sourceTree = "<group>";
		};
/* End PBXGroup section */

/* Begin PBXNativeTarget section */
		2D4CDDA02BEA60D8005CA01B /* GHProgrammatic */ = {
			isa = PBXNativeTarget;
			buildConfigurationList = 2D4CDDCB2BEA60DA005CA01B /* Build configuration list for PBXNativeTarget "GHProgrammatic" */;
			buildPhases = (
				2D4CDD9D2BEA60D8005CA01B /* Sources */,
				2D4CDD9E2BEA60D8005CA01B /* Frameworks */,
				2D4CDD9F2BEA60D8005CA01B /* Resources */,
			);
			buildRules = (
			);
			dependencies = (
			);
			name = GHProgrammatic;
			productName = GHProgrammatic;
			productReference = 2D4CDDA12BEA60D8005CA01B /* GHProgrammatic.app */;
			productType = "com.apple.product-type.application";
		};
		2D4CDDB62BEA60DA005CA01B /* GHProgrammaticTests */ = {
			isa = PBXNativeTarget;
			buildConfigurationList = 2D4CDDCE2BEA60DA005CA01B /* Build configuration list for PBXNativeTarget "GHProgrammaticTests" */;
			buildPhases = (
				2D4CDDB32BEA60DA005CA01B /* Sources */,
				2D4CDDB42BEA60DA005CA01B /* Frameworks */,
				2D4CDDB52BEA60DA005CA01B /* Resources */,
			);
			buildRules = (
			);
			dependencies = (
				2D4CDDB92BEA60DA005CA01B /* PBXTargetDependency */,
			);
			name = GHProgrammaticTests;
			productName = GHProgrammaticTests;
			productReference = 2D4CDDB72BEA60DA005CA01B /* GHProgrammaticTests.xctest */;
			productType = "com.apple.product-type.bundle.unit-test";
		};
		2D4CDDC02BEA60DA005CA01B /* GHProgrammaticUITests */ = {
			isa = PBXNativeTarget;
			buildConfigurationList = 2D4CDDD12BEA60DA005CA01B /* Build configuration list for PBXNativeTarget "GHProgrammaticUITests" */;
			buildPhases = (
				2D4CDDBD2BEA60DA005CA01B /* Sources */,
				2D4CDDBE2BEA60DA005CA01B /* Frameworks */,
				2D4CDDBF2BEA60DA005CA01B /* Resources */,
			);
			buildRules = (
			);
			dependencies = (
				2D4CDDC32BEA60DA005CA01B /* PBXTargetDependency */,
			);
			name = GHProgrammaticUITests;
			productName = GHProgrammaticUITests;
			productReference = 2D4CDDC12BEA60DA005CA01B /* GHProgrammaticUITests.xctest */;
			productType = "com.apple.product-type.bundle.ui-testing";
		};
/* End PBXNativeTarget section */

/* Begin PBXProject section */
		2D4CDD992BEA60D8005CA01B /* Project object */ = {
			isa = PBXProject;
			attributes = {
				BuildIndependentTargetsInParallel = 1;
				LastSwiftUpdateCheck = 1530;
				LastUpgradeCheck = 1530;
				TargetAttributes = {
					2D4CDDA02BEA60D8005CA01B = {
						CreatedOnToolsVersion = 15.3;
					};
					2D4CDDB62BEA60DA005CA01B = {
						CreatedOnToolsVersion = 15.3;
						TestTargetID = 2D4CDDA02BEA60D8005CA01B;
					};
					2D4CDDC02BEA60DA005CA01B = {
						CreatedOnToolsVersion = 15.3;
						TestTargetID = 2D4CDDA02BEA60D8005CA01B;
					};
				};
			};
			buildConfigurationList = 2D4CDD9C2BEA60D8005CA01B /* Build configuration list for PBXProject "GHProgrammatic" */;
			compatibilityVersion = "Xcode 14.0";
			developmentRegion = en;
			hasScannedForEncodings = 0;
			knownRegions = (
				en,
				Base,
			);
			mainGroup = 2D4CDD982BEA60D8005CA01B;
			productRefGroup = 2D4CDDA22BEA60D8005CA01B /* Products */;
			projectDirPath = "";
			projectRoot = "";
			targets = (
				2D4CDDA02BEA60D8005CA01B /* GHProgrammatic */,
				2D4CDDB62BEA60DA005CA01B /* GHProgrammaticTests */,
				2D4CDDC02BEA60DA005CA01B /* GHProgrammaticUITests */,
			);
		};
/* End PBXProject section */

/* Begin PBXResourcesBuildPhase section */
		2D4CDD9F2BEA60D8005CA01B /* Resources */ = {
			isa = PBXResourcesBuildPhase;
			buildActionMask = 2147483647;
			files = (
				2D4CDDAE2BEA60DA005CA01B /* Assets.xcassets in Resources */,
				2D4CDDB12BEA60DA005CA01B /* Base in Resources */,
			);
			runOnlyForDeploymentPostprocessing = 0;
		};
		2D4CDDB52BEA60DA005CA01B /* Resources */ = {
			isa = PBXResourcesBuildPhase;
			buildActionMask = 2147483647;
			files = (
			);
			runOnlyForDeploymentPostprocessing = 0;
		};
		2D4CDDBF2BEA60DA005CA01B /* Resources */ = {
			isa = PBXResourcesBuildPhase;
			buildActionMask = 2147483647;
			files = (
			);
			runOnlyForDeploymentPostprocessing = 0;
		};
/* End PBXResourcesBuildPhase section */

/* Begin PBXSourcesBuildPhase section */
		2D4CDD9D2BEA60D8005CA01B /* Sources */ = {
			isa = PBXSourcesBuildPhase;
			buildActionMask = 2147483647;
			files = (
				2DCBB6672BFBAE7F00D13BEB /* FollowerListViewModel.swift in Sources */,
				2D87A6292BFA21E00047D534 /* CustomAvatarImageView.swift in Sources */,
				2DAA88922BF7ED74000AF247 /* String+Ext.swift in Sources */,
				2DAA88942BF8BA98000AF247 /* CustomLabel.swift in Sources */,
				2DAA889C2BF909CA000AF247 /* UIViewController+Ext.swift in Sources */,
				2D4CDDDE2BEA6218005CA01B /* FavoritesVC.swift in Sources */,
				2DAA88962BF8BC79000AF247 /* CustomBodyLabel.swift in Sources */,
				2D87A61A2BF922FF0047D534 /* Follower.swift in Sources */,
				2D87A61C2BF9239B0047D534 /* User.swift in Sources */,
				2D87A6272BFA21300047D534 /* FollowerCell.swift in Sources */,
				2D4CDDDC2BEA61FF005CA01B /* SearchVC.swift in Sources */,
				2DAA888D2BF7AA0E000AF247 /* CustomTextField.swift in Sources */,
				2DAA889A2BF8BDDD000AF247 /* CustomPopupVC.swift in Sources */,
				2D4CDDA52BEA60D8005CA01B /* AppDelegate.swift in Sources */,
				2DAA888F2BF7E768000AF247 /* FollowerListVC.swift in Sources */,
				2D87A6212BF9FC690047D534 /* ErrorMessage.swift in Sources */,
				2D87A62B2BFA3DA10047D534 /* UIHelper.swift in Sources */,
				2D87A61F2BF928AE0047D534 /* NetworkManager.swift in Sources */,
				2D4CDDA72BEA60D8005CA01B /* SceneDelegate.swift in Sources */,
				2D4CDDD82BEA61BB005CA01B /* CustomButton.swift in Sources */,
			);
			runOnlyForDeploymentPostprocessing = 0;
		};
		2D4CDDB32BEA60DA005CA01B /* Sources */ = {
			isa = PBXSourcesBuildPhase;
			buildActionMask = 2147483647;
			files = (
				2D4CDDBC2BEA60DA005CA01B /* GHProgrammaticTests.swift in Sources */,
			);
			runOnlyForDeploymentPostprocessing = 0;
		};
		2D4CDDBD2BEA60DA005CA01B /* Sources */ = {
			isa = PBXSourcesBuildPhase;
			buildActionMask = 2147483647;
			files = (
				2D4CDDC62BEA60DA005CA01B /* GHProgrammaticUITests.swift in Sources */,
				2D4CDDC82BEA60DA005CA01B /* GHProgrammaticUITestsLaunchTests.swift in Sources */,
			);
			runOnlyForDeploymentPostprocessing = 0;
		};
/* End PBXSourcesBuildPhase section */

/* Begin PBXTargetDependency section */
		2D4CDDB92BEA60DA005CA01B /* PBXTargetDependency */ = {
			isa = PBXTargetDependency;
			target = 2D4CDDA02BEA60D8005CA01B /* GHProgrammatic */;
			targetProxy = 2D4CDDB82BEA60DA005CA01B /* PBXContainerItemProxy */;
		};
		2D4CDDC32BEA60DA005CA01B /* PBXTargetDependency */ = {
			isa = PBXTargetDependency;
			target = 2D4CDDA02BEA60D8005CA01B /* GHProgrammatic */;
			targetProxy = 2D4CDDC22BEA60DA005CA01B /* PBXContainerItemProxy */;
		};
/* End PBXTargetDependency section */

/* Begin PBXVariantGroup section */
		2D4CDDAF2BEA60DA005CA01B /* LaunchScreen.storyboard */ = {
			isa = PBXVariantGroup;
			children = (
				2D4CDDB02BEA60DA005CA01B /* Base */,
			);
			name = LaunchScreen.storyboard;
			sourceTree = "<group>";
		};
/* End PBXVariantGroup section */

/* Begin XCBuildConfiguration section */
		2D4CDDC92BEA60DA005CA01B /* Debug */ = {
			isa = XCBuildConfiguration;
			buildSettings = {
				ALWAYS_SEARCH_USER_PATHS = NO;
				ASSETCATALOG_COMPILER_GENERATE_SWIFT_ASSET_SYMBOL_EXTENSIONS = YES;
				CLANG_ANALYZER_NONNULL = YES;
				CLANG_ANALYZER_NUMBER_OBJECT_CONVERSION = YES_AGGRESSIVE;
				CLANG_CXX_LANGUAGE_STANDARD = "gnu++20";
				CLANG_ENABLE_MODULES = YES;
				CLANG_ENABLE_OBJC_ARC = YES;
				CLANG_ENABLE_OBJC_WEAK = YES;
				CLANG_WARN_BLOCK_CAPTURE_AUTORELEASING = YES;
				CLANG_WARN_BOOL_CONVERSION = YES;
				CLANG_WARN_COMMA = YES;
				CLANG_WARN_CONSTANT_CONVERSION = YES;
				CLANG_WARN_DEPRECATED_OBJC_IMPLEMENTATIONS = YES;
				CLANG_WARN_DIRECT_OBJC_ISA_USAGE = YES_ERROR;
				CLANG_WARN_DOCUMENTATION_COMMENTS = YES;
				CLANG_WARN_EMPTY_BODY = YES;
				CLANG_WARN_ENUM_CONVERSION = YES;
				CLANG_WARN_INFINITE_RECURSION = YES;
				CLANG_WARN_INT_CONVERSION = YES;
				CLANG_WARN_NON_LITERAL_NULL_CONVERSION = YES;
				CLANG_WARN_OBJC_IMPLICIT_RETAIN_SELF = YES;
				CLANG_WARN_OBJC_LITERAL_CONVERSION = YES;
				CLANG_WARN_OBJC_ROOT_CLASS = YES_ERROR;
				CLANG_WARN_QUOTED_INCLUDE_IN_FRAMEWORK_HEADER = YES;
				CLANG_WARN_RANGE_LOOP_ANALYSIS = YES;
				CLANG_WARN_STRICT_PROTOTYPES = YES;
				CLANG_WARN_SUSPICIOUS_MOVE = YES;
				CLANG_WARN_UNGUARDED_AVAILABILITY = YES_AGGRESSIVE;
				CLANG_WARN_UNREACHABLE_CODE = YES;
				CLANG_WARN__DUPLICATE_METHOD_MATCH = YES;
				COPY_PHASE_STRIP = NO;
				DEBUG_INFORMATION_FORMAT = dwarf;
				ENABLE_STRICT_OBJC_MSGSEND = YES;
				ENABLE_TESTABILITY = YES;
				ENABLE_USER_SCRIPT_SANDBOXING = YES;
				GCC_C_LANGUAGE_STANDARD = gnu17;
				GCC_DYNAMIC_NO_PIC = NO;
				GCC_NO_COMMON_BLOCKS = YES;
				GCC_OPTIMIZATION_LEVEL = 0;
				GCC_PREPROCESSOR_DEFINITIONS = (
					"DEBUG=1",
					"$(inherited)",
				);
				GCC_WARN_64_TO_32_BIT_CONVERSION = YES;
				GCC_WARN_ABOUT_RETURN_TYPE = YES_ERROR;
				GCC_WARN_UNDECLARED_SELECTOR = YES;
				GCC_WARN_UNINITIALIZED_AUTOS = YES_AGGRESSIVE;
				GCC_WARN_UNUSED_FUNCTION = YES;
				GCC_WARN_UNUSED_VARIABLE = YES;
				IPHONEOS_DEPLOYMENT_TARGET = 17.4;
				LOCALIZATION_PREFERS_STRING_CATALOGS = YES;
				MTL_ENABLE_DEBUG_INFO = INCLUDE_SOURCE;
				MTL_FAST_MATH = YES;
				ONLY_ACTIVE_ARCH = YES;
				SDKROOT = iphoneos;
				SWIFT_ACTIVE_COMPILATION_CONDITIONS = "DEBUG $(inherited)";
				SWIFT_OPTIMIZATION_LEVEL = "-Onone";
			};
			name = Debug;
		};
		2D4CDDCA2BEA60DA005CA01B /* Release */ = {
			isa = XCBuildConfiguration;
			buildSettings = {
				ALWAYS_SEARCH_USER_PATHS = NO;
				ASSETCATALOG_COMPILER_GENERATE_SWIFT_ASSET_SYMBOL_EXTENSIONS = YES;
				CLANG_ANALYZER_NONNULL = YES;
				CLANG_ANALYZER_NUMBER_OBJECT_CONVERSION = YES_AGGRESSIVE;
				CLANG_CXX_LANGUAGE_STANDARD = "gnu++20";
				CLANG_ENABLE_MODULES = YES;
				CLANG_ENABLE_OBJC_ARC = YES;
				CLANG_ENABLE_OBJC_WEAK = YES;
				CLANG_WARN_BLOCK_CAPTURE_AUTORELEASING = YES;
				CLANG_WARN_BOOL_CONVERSION = YES;
				CLANG_WARN_COMMA = YES;
				CLANG_WARN_CONSTANT_CONVERSION = YES;
				CLANG_WARN_DEPRECATED_OBJC_IMPLEMENTATIONS = YES;
				CLANG_WARN_DIRECT_OBJC_ISA_USAGE = YES_ERROR;
				CLANG_WARN_DOCUMENTATION_COMMENTS = YES;
				CLANG_WARN_EMPTY_BODY = YES;
				CLANG_WARN_ENUM_CONVERSION = YES;
				CLANG_WARN_INFINITE_RECURSION = YES;
				CLANG_WARN_INT_CONVERSION = YES;
				CLANG_WARN_NON_LITERAL_NULL_CONVERSION = YES;
				CLANG_WARN_OBJC_IMPLICIT_RETAIN_SELF = YES;
				CLANG_WARN_OBJC_LITERAL_CONVERSION = YES;
				CLANG_WARN_OBJC_ROOT_CLASS = YES_ERROR;
				CLANG_WARN_QUOTED_INCLUDE_IN_FRAMEWORK_HEADER = YES;
				CLANG_WARN_RANGE_LOOP_ANALYSIS = YES;
				CLANG_WARN_STRICT_PROTOTYPES = YES;
				CLANG_WARN_SUSPICIOUS_MOVE = YES;
				CLANG_WARN_UNGUARDED_AVAILABILITY = YES_AGGRESSIVE;
				CLANG_WARN_UNREACHABLE_CODE = YES;
				CLANG_WARN__DUPLICATE_METHOD_MATCH = YES;
				COPY_PHASE_STRIP = NO;
				DEBUG_INFORMATION_FORMAT = "dwarf-with-dsym";
				ENABLE_NS_ASSERTIONS = NO;
				ENABLE_STRICT_OBJC_MSGSEND = YES;
				ENABLE_USER_SCRIPT_SANDBOXING = YES;
				GCC_C_LANGUAGE_STANDARD = gnu17;
				GCC_NO_COMMON_BLOCKS = YES;
				GCC_WARN_64_TO_32_BIT_CONVERSION = YES;
				GCC_WARN_ABOUT_RETURN_TYPE = YES_ERROR;
				GCC_WARN_UNDECLARED_SELECTOR = YES;
				GCC_WARN_UNINITIALIZED_AUTOS = YES_AGGRESSIVE;
				GCC_WARN_UNUSED_FUNCTION = YES;
				GCC_WARN_UNUSED_VARIABLE = YES;
				IPHONEOS_DEPLOYMENT_TARGET = 17.4;
				LOCALIZATION_PREFERS_STRING_CATALOGS = YES;
				MTL_ENABLE_DEBUG_INFO = NO;
				MTL_FAST_MATH = YES;
				SDKROOT = iphoneos;
				SWIFT_COMPILATION_MODE = wholemodule;
				VALIDATE_PRODUCT = YES;
			};
			name = Release;
		};
		2D4CDDCC2BEA60DA005CA01B /* Debug */ = {
			isa = XCBuildConfiguration;
			buildSettings = {
				ASSETCATALOG_COMPILER_APPICON_NAME = AppIcon;
				ASSETCATALOG_COMPILER_GLOBAL_ACCENT_COLOR_NAME = AccentColor;
				CODE_SIGN_STYLE = Automatic;
				CURRENT_PROJECT_VERSION = 1;
				DEVELOPMENT_TEAM = DCNVW927UZ;
				GENERATE_INFOPLIST_FILE = YES;
				INFOPLIST_FILE = GHProgrammatic/Info.plist;
				INFOPLIST_KEY_UIApplicationSupportsIndirectInputEvents = YES;
				INFOPLIST_KEY_UILaunchStoryboardName = LaunchScreen;
				INFOPLIST_KEY_UISupportedInterfaceOrientations_iPad = "UIInterfaceOrientationPortrait UIInterfaceOrientationPortraitUpsideDown UIInterfaceOrientationLandscapeLeft UIInterfaceOrientationLandscapeRight";
				INFOPLIST_KEY_UISupportedInterfaceOrientations_iPhone = "UIInterfaceOrientationPortrait UIInterfaceOrientationLandscapeLeft UIInterfaceOrientationLandscapeRight";
				LD_RUNPATH_SEARCH_PATHS = (
					"$(inherited)",
					"@executable_path/Frameworks",
				);
				MARKETING_VERSION = 1.0;
				PRODUCT_BUNDLE_IDENTIFIER = umutulasdemir.GHProgrammatic;
				PRODUCT_NAME = "$(TARGET_NAME)";
				SWIFT_EMIT_LOC_STRINGS = YES;
				SWIFT_VERSION = 5.0;
				TARGETED_DEVICE_FAMILY = "1,2";
			};
			name = Debug;
		};
		2D4CDDCD2BEA60DA005CA01B /* Release */ = {
			isa = XCBuildConfiguration;
			buildSettings = {
				ASSETCATALOG_COMPILER_APPICON_NAME = AppIcon;
				ASSETCATALOG_COMPILER_GLOBAL_ACCENT_COLOR_NAME = AccentColor;
				CODE_SIGN_STYLE = Automatic;
				CURRENT_PROJECT_VERSION = 1;
				DEVELOPMENT_TEAM = DCNVW927UZ;
				GENERATE_INFOPLIST_FILE = YES;
				INFOPLIST_FILE = GHProgrammatic/Info.plist;
				INFOPLIST_KEY_UIApplicationSupportsIndirectInputEvents = YES;
				INFOPLIST_KEY_UILaunchStoryboardName = LaunchScreen;
				INFOPLIST_KEY_UISupportedInterfaceOrientations_iPad = "UIInterfaceOrientationPortrait UIInterfaceOrientationPortraitUpsideDown UIInterfaceOrientationLandscapeLeft UIInterfaceOrientationLandscapeRight";
				INFOPLIST_KEY_UISupportedInterfaceOrientations_iPhone = "UIInterfaceOrientationPortrait UIInterfaceOrientationLandscapeLeft UIInterfaceOrientationLandscapeRight";
				LD_RUNPATH_SEARCH_PATHS = (
					"$(inherited)",
					"@executable_path/Frameworks",
				);
				MARKETING_VERSION = 1.0;
				PRODUCT_BUNDLE_IDENTIFIER = umutulasdemir.GHProgrammatic;
				PRODUCT_NAME = "$(TARGET_NAME)";
				SWIFT_EMIT_LOC_STRINGS = YES;
				SWIFT_VERSION = 5.0;
				TARGETED_DEVICE_FAMILY = "1,2";
			};
			name = Release;
		};
		2D4CDDCF2BEA60DA005CA01B /* Debug */ = {
			isa = XCBuildConfiguration;
			buildSettings = {
				ALWAYS_EMBED_SWIFT_STANDARD_LIBRARIES = YES;
				BUNDLE_LOADER = "$(TEST_HOST)";
				CODE_SIGN_STYLE = Automatic;
				CURRENT_PROJECT_VERSION = 1;
				DEVELOPMENT_TEAM = DCNVW927UZ;
				GENERATE_INFOPLIST_FILE = YES;
				IPHONEOS_DEPLOYMENT_TARGET = 17.4;
				MARKETING_VERSION = 1.0;
				PRODUCT_BUNDLE_IDENTIFIER = umutulasdemir.GHProgrammaticTests;
				PRODUCT_NAME = "$(TARGET_NAME)";
				SWIFT_EMIT_LOC_STRINGS = NO;
				SWIFT_VERSION = 5.0;
				TARGETED_DEVICE_FAMILY = "1,2";
				TEST_HOST = "$(BUILT_PRODUCTS_DIR)/GHProgrammatic.app/$(BUNDLE_EXECUTABLE_FOLDER_PATH)/GHProgrammatic";
			};
			name = Debug;
		};
		2D4CDDD02BEA60DA005CA01B /* Release */ = {
			isa = XCBuildConfiguration;
			buildSettings = {
				ALWAYS_EMBED_SWIFT_STANDARD_LIBRARIES = YES;
				BUNDLE_LOADER = "$(TEST_HOST)";
				CODE_SIGN_STYLE = Automatic;
				CURRENT_PROJECT_VERSION = 1;
				DEVELOPMENT_TEAM = DCNVW927UZ;
				GENERATE_INFOPLIST_FILE = YES;
				IPHONEOS_DEPLOYMENT_TARGET = 17.4;
				MARKETING_VERSION = 1.0;
				PRODUCT_BUNDLE_IDENTIFIER = umutulasdemir.GHProgrammaticTests;
				PRODUCT_NAME = "$(TARGET_NAME)";
				SWIFT_EMIT_LOC_STRINGS = NO;
				SWIFT_VERSION = 5.0;
				TARGETED_DEVICE_FAMILY = "1,2";
				TEST_HOST = "$(BUILT_PRODUCTS_DIR)/GHProgrammatic.app/$(BUNDLE_EXECUTABLE_FOLDER_PATH)/GHProgrammatic";
			};
			name = Release;
		};
		2D4CDDD22BEA60DA005CA01B /* Debug */ = {
			isa = XCBuildConfiguration;
			buildSettings = {
				ALWAYS_EMBED_SWIFT_STANDARD_LIBRARIES = YES;
				CODE_SIGN_STYLE = Automatic;
				CURRENT_PROJECT_VERSION = 1;
				DEVELOPMENT_TEAM = DCNVW927UZ;
				GENERATE_INFOPLIST_FILE = YES;
				MARKETING_VERSION = 1.0;
				PRODUCT_BUNDLE_IDENTIFIER = umutulasdemir.GHProgrammaticUITests;
				PRODUCT_NAME = "$(TARGET_NAME)";
				SWIFT_EMIT_LOC_STRINGS = NO;
				SWIFT_VERSION = 5.0;
				TARGETED_DEVICE_FAMILY = "1,2";
				TEST_TARGET_NAME = GHProgrammatic;
			};
			name = Debug;
		};
		2D4CDDD32BEA60DA005CA01B /* Release */ = {
			isa = XCBuildConfiguration;
			buildSettings = {
				ALWAYS_EMBED_SWIFT_STANDARD_LIBRARIES = YES;
				CODE_SIGN_STYLE = Automatic;
				CURRENT_PROJECT_VERSION = 1;
				DEVELOPMENT_TEAM = DCNVW927UZ;
				GENERATE_INFOPLIST_FILE = YES;
				MARKETING_VERSION = 1.0;
				PRODUCT_BUNDLE_IDENTIFIER = umutulasdemir.GHProgrammaticUITests;
				PRODUCT_NAME = "$(TARGET_NAME)";
				SWIFT_EMIT_LOC_STRINGS = NO;
				SWIFT_VERSION = 5.0;
				TARGETED_DEVICE_FAMILY = "1,2";
				TEST_TARGET_NAME = GHProgrammatic;
			};
			name = Release;
		};
/* End XCBuildConfiguration section */

/* Begin XCConfigurationList section */
		2D4CDD9C2BEA60D8005CA01B /* Build configuration list for PBXProject "GHProgrammatic" */ = {
			isa = XCConfigurationList;
			buildConfigurations = (
				2D4CDDC92BEA60DA005CA01B /* Debug */,
				2D4CDDCA2BEA60DA005CA01B /* Release */,
			);
			defaultConfigurationIsVisible = 0;
			defaultConfigurationName = Release;
		};
		2D4CDDCB2BEA60DA005CA01B /* Build configuration list for PBXNativeTarget "GHProgrammatic" */ = {
			isa = XCConfigurationList;
			buildConfigurations = (
				2D4CDDCC2BEA60DA005CA01B /* Debug */,
				2D4CDDCD2BEA60DA005CA01B /* Release */,
			);
			defaultConfigurationIsVisible = 0;
			defaultConfigurationName = Release;
		};
		2D4CDDCE2BEA60DA005CA01B /* Build configuration list for PBXNativeTarget "GHProgrammaticTests" */ = {
			isa = XCConfigurationList;
			buildConfigurations = (
				2D4CDDCF2BEA60DA005CA01B /* Debug */,
				2D4CDDD02BEA60DA005CA01B /* Release */,
			);
			defaultConfigurationIsVisible = 0;
			defaultConfigurationName = Release;
		};
		2D4CDDD12BEA60DA005CA01B /* Build configuration list for PBXNativeTarget "GHProgrammaticUITests" */ = {
			isa = XCConfigurationList;
			buildConfigurations = (
				2D4CDDD22BEA60DA005CA01B /* Debug */,
				2D4CDDD32BEA60DA005CA01B /* Release */,
			);
			defaultConfigurationIsVisible = 0;
			defaultConfigurationName = Release;
		};
/* End XCConfigurationList section */
	};
	rootObject = 2D4CDD992BEA60D8005CA01B /* Project object */;
}
